
Microsoft Visual Studio Solution File, Format Version 12.00
# Visual Studio 15
VisualStudioVersion = 15.0.27703.2026
MinimumVisualStudioVersion = 10.0.40219.1
Project("{FAE04EC0-301F-11D3-BF4B-00C04F79EFBC}") = "commandTruck", "commandTruck\commandTruck.csproj", "{5E7BA7DF-1D3B-4D45-886F-6DB9DE77C49E}"
EndProject
Global
	GlobalSection(SolutionConfigurationPlatforms) = preSolution
		Debug|Any CPU = Debug|Any CPU
		Release|Any CPU = Release|Any CPU
	EndGlobalSection
	GlobalSection(ProjectConfigurationPlatforms) = postSolution
		{5E7BA7DF-1D3B-4D45-886F-6DB9DE77C49E}.Debug|Any CPU.ActiveCfg = Debug|Any CPU
		{5E7BA7DF-1D3B-4D45-886F-6DB9DE77C49E}.Debug|Any CPU.Build.0 = Debug|Any CPU
		{5E7BA7DF-1D3B-4D45-886F-6DB9DE77C49E}.Release|Any CPU.ActiveCfg = Release|Any CPU
		{5E7BA7DF-1D3B-4D45-886F-6DB9DE77C49E}.Release|Any CPU.Build.0 = Release|Any CPU
	EndGlobalSection
	GlobalSection(SolutionProperties) = preSolution
		HideSolutionNode = FALSE
	EndGlobalSection
	GlobalSection(ExtensibilityGlobals) = postSolution
		SolutionGuid = {0CA3EC63-05C5-468E-8E24-A6D2FA430F02}
	EndGlobalSection
EndGlobal
